
Microsoft Visual Studio Solution File, Format Version 12.00
# Visual Studio 2012
Project("{FAE04EC0-301F-11D3-BF4B-00C04F79EFBC}") = "LMaML", "LMaML\LMaML.csproj", "{72A350C5-D083-4CE0-A5C8-871071DE0751}"
	ProjectSection(ProjectDependencies) = postProject
		{DCD09207-E57D-4854-9102-ACE41FA53DF4} = {DCD09207-E57D-4854-9102-ACE41FA53DF4}
		{DE6CBF2D-C6F4-43EB-A5DB-3793C2EE0C56} = {DE6CBF2D-C6F4-43EB-A5DB-3793C2EE0C56}
		{7EB96839-FB19-42BA-902B-D174C2E6AD0F} = {7EB96839-FB19-42BA-902B-D174C2E6AD0F}
		{2476425C-020C-4132-86F4-1B0174BF314B} = {2476425C-020C-4132-86F4-1B0174BF314B}
		{D416A05E-A6F8-4BC7-8A2F-EC02E1FD934E} = {D416A05E-A6F8-4BC7-8A2F-EC02E1FD934E}
		{4FECEF7B-C721-4FE8-BBE0-BD80C789EED7} = {4FECEF7B-C721-4FE8-BBE0-BD80C789EED7}
		{F927C988-71C1-46B8-A119-D08F88670CAA} = {F927C988-71C1-46B8-A119-D08F88670CAA}
		{8C508489-24AE-438E-81DC-4669298F1EA2} = {8C508489-24AE-438E-81DC-4669298F1EA2}
		{416A3590-820C-4EEA-9008-71AED289D31E} = {416A3590-820C-4EEA-9008-71AED289D31E}
		{6B018890-FA9C-42DC-AFEF-AABE511854EC} = {6B018890-FA9C-42DC-AFEF-AABE511854EC}
		{41C46592-B6C1-474F-A09E-E2A68E63F90D} = {41C46592-B6C1-474F-A09E-E2A68E63F90D}
		{809FFE95-FAD4-43BC-AF42-BA86B294EA94} = {809FFE95-FAD4-43BC-AF42-BA86B294EA94}
		{F9F7CBAC-CEB6-4BA8-B2F9-F2AFE481831A} = {F9F7CBAC-CEB6-4BA8-B2F9-F2AFE481831A}
	EndProjectSection
EndProject
Project("{FAE04EC0-301F-11D3-BF4B-00C04F79EFBC}") = "LMaML.Library", "LMaML.Library\LMaML.Library.csproj", "{4FECEF7B-C721-4FE8-BBE0-BD80C789EED7}"
EndProject
Project("{FAE04EC0-301F-11D3-BF4B-00C04F79EFBC}") = "LMaML.Infrastructure", "LMaML.Infrastructure\LMaML.Infrastructure.csproj", "{09B6A40C-CD73-413C-A656-7D340F5F694B}"
EndProject
Project("{FAE04EC0-301F-11D3-BF4B-00C04F79EFBC}") = "LMaML.Services", "LMaML.Services\LMaML.Services.csproj", "{F927C988-71C1-46B8-A119-D08F88670CAA}"
EndProject
Project("{FAE04EC0-301F-11D3-BF4B-00C04F79EFBC}") = "FMOD", "FMOD\FMOD.csproj", "{41C46592-B6C1-474F-A09E-E2A68E63F90D}"
EndProject
Project("{FAE04EC0-301F-11D3-BF4B-00C04F79EFBC}") = "LMaML.Playlist", "LMaML.Playlist\LMaML.Playlist.csproj", "{2476425C-020C-4132-86F4-1B0174BF314B}"
EndProject
Project("{FAE04EC0-301F-11D3-BF4B-00C04F79EFBC}") = "LMaML.FMOD", "LMaML.FMOD\LMaML.FMOD.csproj", "{D416A05E-A6F8-4BC7-8A2F-EC02E1FD934E}"
EndProject
Project("{FAE04EC0-301F-11D3-BF4B-00C04F79EFBC}") = "LMaML.PlayerControls", "LMaML.PlayerControls\LMaML.PlayerControls.csproj", "{7EB96839-FB19-42BA-902B-D174C2E6AD0F}"
EndProject
Project("{FAE04EC0-301F-11D3-BF4B-00C04F79EFBC}") = "LMaML.NHibernate", "LMaML.NHibernate\LMaML.NHibernate.csproj", "{809FFE95-FAD4-43BC-AF42-BA86B294EA94}"
EndProject
Project("{2150E333-8FDC-42A3-9474-1A3956D46DE8}") = ".nuget", ".nuget", "{9E05BC95-0FB6-40C4-8488-4B153D6800BD}"
	ProjectSection(SolutionItems) = preProject
		.nuget\NuGet.Config = .nuget\NuGet.Config
		.nuget\NuGet.exe = .nuget\NuGet.exe
		.nuget\NuGet.targets = .nuget\NuGet.targets
	EndProjectSection
EndProject
Project("{FAE04EC0-301F-11D3-BF4B-00C04F79EFBC}") = "LMaML.MongoDB", "LMaML.MongoDB\LMaML.MongoDB.csproj", "{F9F7CBAC-CEB6-4BA8-B2F9-F2AFE481831A}"
EndProject
Project("{FAE04EC0-301F-11D3-BF4B-00C04F79EFBC}") = "LMaML.BPlusTree", "LMaML.BPlusTree\LMaML.BPlusTree.csproj", "{8C508489-24AE-438E-81DC-4669298F1EA2}"
EndProject
Project("{FAE04EC0-301F-11D3-BF4B-00C04F79EFBC}") = "LMaML.Visualization", "LMaML.Visualization\LMaML.Visualization.csproj", "{6B018890-FA9C-42DC-AFEF-AABE511854EC}"
EndProject
Project("{FAE04EC0-301F-11D3-BF4B-00C04F79EFBC}") = "LMaML.Settings", "LMaML.Settings\LMaML.Settings.csproj", "{DE6CBF2D-C6F4-43EB-A5DB-3793C2EE0C56}"
EndProject
Project("{FAE04EC0-301F-11D3-BF4B-00C04F79EFBC}") = "LMaML.Windowing", "LMaML.Windowing\LMaML.Windowing.csproj", "{416A3590-820C-4EEA-9008-71AED289D31E}"
EndProject
Project("{2150E333-8FDC-42A3-9474-1A3956D46DE8}") = "Plugins", "Plugins", "{FD4CDE6F-5D7D-4CA1-8394-93CE6FE170AF}"
EndProject
Project("{FAE04EC0-301F-11D3-BF4B-00C04F79EFBC}") = "LMaML.Visualizations.FFT", "LMaML.Visualizations.FFT\LMaML.Visualizations.FFT.csproj", "{DCD09207-E57D-4854-9102-ACE41FA53DF4}"
EndProject
Project("{FAE04EC0-301F-11D3-BF4B-00C04F79EFBC}") = "LMaML.Tests", "LMaML.Tests\LMaML.Tests.csproj", "{F6795850-9308-4345-84B1-1B2A131104A4}"
EndProject
Project("{FAE04EC0-301F-11D3-BF4B-00C04F79EFBC}") = "iLynx.Common", "Externals\iLynx.Common\iLynx.Common.csproj", "{1241AC19-9872-4126-8915-3A34919E1705}"
EndProject
Project("{FAE04EC0-301F-11D3-BF4B-00C04F79EFBC}") = "iLynx.Common.WPF", "Externals\iLynx.Common.WPF\iLynx.Common.WPF.csproj", "{569111CC-D436-46E5-BE9E-32B1BAD1B950}"
EndProject
Global
	GlobalSection(SubversionScc) = preSolution
		Svn-Managed = True
		Manager = AnkhSVN - Subversion Support for Visual Studio
	EndGlobalSection
	GlobalSection(SolutionConfigurationPlatforms) = preSolution
		Debug|x64 = Debug|x64
		Debug|x86 = Debug|x86
		Release|x64 = Release|x64
		Release|x86 = Release|x86
	EndGlobalSection
	GlobalSection(ProjectConfigurationPlatforms) = postSolution
		{72A350C5-D083-4CE0-A5C8-871071DE0751}.Debug|x64.ActiveCfg = Debug|x64
		{72A350C5-D083-4CE0-A5C8-871071DE0751}.Debug|x64.Build.0 = Debug|x64
		{72A350C5-D083-4CE0-A5C8-871071DE0751}.Debug|x86.ActiveCfg = Debug|x86
		{72A350C5-D083-4CE0-A5C8-871071DE0751}.Debug|x86.Build.0 = Debug|x86
		{72A350C5-D083-4CE0-A5C8-871071DE0751}.Release|x64.ActiveCfg = Release|x64
		{72A350C5-D083-4CE0-A5C8-871071DE0751}.Release|x64.Build.0 = Release|x64
		{72A350C5-D083-4CE0-A5C8-871071DE0751}.Release|x86.ActiveCfg = Release|x86
		{72A350C5-D083-4CE0-A5C8-871071DE0751}.Release|x86.Build.0 = Release|x86
		{4FECEF7B-C721-4FE8-BBE0-BD80C789EED7}.Debug|x64.ActiveCfg = Debug|x64
		{4FECEF7B-C721-4FE8-BBE0-BD80C789EED7}.Debug|x64.Build.0 = Debug|x64
		{4FECEF7B-C721-4FE8-BBE0-BD80C789EED7}.Debug|x86.ActiveCfg = Debug|x86
		{4FECEF7B-C721-4FE8-BBE0-BD80C789EED7}.Debug|x86.Build.0 = Debug|x86
		{4FECEF7B-C721-4FE8-BBE0-BD80C789EED7}.Release|x64.ActiveCfg = Release|x64
		{4FECEF7B-C721-4FE8-BBE0-BD80C789EED7}.Release|x64.Build.0 = Release|x64
		{4FECEF7B-C721-4FE8-BBE0-BD80C789EED7}.Release|x86.ActiveCfg = Release|x86
		{4FECEF7B-C721-4FE8-BBE0-BD80C789EED7}.Release|x86.Build.0 = Release|x86
		{09B6A40C-CD73-413C-A656-7D340F5F694B}.Debug|x64.ActiveCfg = Debug|x64
		{09B6A40C-CD73-413C-A656-7D340F5F694B}.Debug|x64.Build.0 = Debug|x64
		{09B6A40C-CD73-413C-A656-7D340F5F694B}.Debug|x86.ActiveCfg = Debug|x86
		{09B6A40C-CD73-413C-A656-7D340F5F694B}.Debug|x86.Build.0 = Debug|x86
		{09B6A40C-CD73-413C-A656-7D340F5F694B}.Release|x64.ActiveCfg = Release|x64
		{09B6A40C-CD73-413C-A656-7D340F5F694B}.Release|x64.Build.0 = Release|x64
		{09B6A40C-CD73-413C-A656-7D340F5F694B}.Release|x86.ActiveCfg = Release|x86
		{09B6A40C-CD73-413C-A656-7D340F5F694B}.Release|x86.Build.0 = Release|x86
		{F927C988-71C1-46B8-A119-D08F88670CAA}.Debug|x64.ActiveCfg = Debug|x64
		{F927C988-71C1-46B8-A119-D08F88670CAA}.Debug|x64.Build.0 = Debug|x64
		{F927C988-71C1-46B8-A119-D08F88670CAA}.Debug|x86.ActiveCfg = Debug|x86
		{F927C988-71C1-46B8-A119-D08F88670CAA}.Debug|x86.Build.0 = Debug|x86
		{F927C988-71C1-46B8-A119-D08F88670CAA}.Release|x64.ActiveCfg = Release|x64
		{F927C988-71C1-46B8-A119-D08F88670CAA}.Release|x64.Build.0 = Release|x64
		{F927C988-71C1-46B8-A119-D08F88670CAA}.Release|x86.ActiveCfg = Release|x86
		{F927C988-71C1-46B8-A119-D08F88670CAA}.Release|x86.Build.0 = Release|x86
		{41C46592-B6C1-474F-A09E-E2A68E63F90D}.Debug|x64.ActiveCfg = Debug|x64
		{41C46592-B6C1-474F-A09E-E2A68E63F90D}.Debug|x64.Build.0 = Debug|x64
		{41C46592-B6C1-474F-A09E-E2A68E63F90D}.Debug|x86.ActiveCfg = Debug|x86
		{41C46592-B6C1-474F-A09E-E2A68E63F90D}.Debug|x86.Build.0 = Debug|x86
		{41C46592-B6C1-474F-A09E-E2A68E63F90D}.Release|x64.ActiveCfg = Release|x64
		{41C46592-B6C1-474F-A09E-E2A68E63F90D}.Release|x64.Build.0 = Release|x64
		{41C46592-B6C1-474F-A09E-E2A68E63F90D}.Release|x86.ActiveCfg = Release|x86
		{41C46592-B6C1-474F-A09E-E2A68E63F90D}.Release|x86.Build.0 = Release|x86
		{2476425C-020C-4132-86F4-1B0174BF314B}.Debug|x64.ActiveCfg = Debug|x64
		{2476425C-020C-4132-86F4-1B0174BF314B}.Debug|x64.Build.0 = Debug|x64
		{2476425C-020C-4132-86F4-1B0174BF314B}.Debug|x86.ActiveCfg = Debug|x86
		{2476425C-020C-4132-86F4-1B0174BF314B}.Debug|x86.Build.0 = Debug|x86
		{2476425C-020C-4132-86F4-1B0174BF314B}.Release|x64.ActiveCfg = Release|x64
		{2476425C-020C-4132-86F4-1B0174BF314B}.Release|x64.Build.0 = Release|x64
		{2476425C-020C-4132-86F4-1B0174BF314B}.Release|x86.ActiveCfg = Release|x86
		{2476425C-020C-4132-86F4-1B0174BF314B}.Release|x86.Build.0 = Release|x86
		{D416A05E-A6F8-4BC7-8A2F-EC02E1FD934E}.Debug|x64.ActiveCfg = Debug|x64
		{D416A05E-A6F8-4BC7-8A2F-EC02E1FD934E}.Debug|x64.Build.0 = Debug|x64
		{D416A05E-A6F8-4BC7-8A2F-EC02E1FD934E}.Debug|x86.ActiveCfg = Debug|x86
		{D416A05E-A6F8-4BC7-8A2F-EC02E1FD934E}.Debug|x86.Build.0 = Debug|x86
		{D416A05E-A6F8-4BC7-8A2F-EC02E1FD934E}.Release|x64.ActiveCfg = Release|x64
		{D416A05E-A6F8-4BC7-8A2F-EC02E1FD934E}.Release|x64.Build.0 = Release|x64
		{D416A05E-A6F8-4BC7-8A2F-EC02E1FD934E}.Release|x86.ActiveCfg = Release|x86
		{D416A05E-A6F8-4BC7-8A2F-EC02E1FD934E}.Release|x86.Build.0 = Release|x86
		{7EB96839-FB19-42BA-902B-D174C2E6AD0F}.Debug|x64.ActiveCfg = Debug|x64
		{7EB96839-FB19-42BA-902B-D174C2E6AD0F}.Debug|x64.Build.0 = Debug|x64
		{7EB96839-FB19-42BA-902B-D174C2E6AD0F}.Debug|x86.ActiveCfg = Debug|x86
		{7EB96839-FB19-42BA-902B-D174C2E6AD0F}.Debug|x86.Build.0 = Debug|x86
		{7EB96839-FB19-42BA-902B-D174C2E6AD0F}.Release|x64.ActiveCfg = Release|x64
		{7EB96839-FB19-42BA-902B-D174C2E6AD0F}.Release|x64.Build.0 = Release|x64
		{7EB96839-FB19-42BA-902B-D174C2E6AD0F}.Release|x86.ActiveCfg = Release|x86
		{7EB96839-FB19-42BA-902B-D174C2E6AD0F}.Release|x86.Build.0 = Release|x86
		{809FFE95-FAD4-43BC-AF42-BA86B294EA94}.Debug|x64.ActiveCfg = Debug|x64
		{809FFE95-FAD4-43BC-AF42-BA86B294EA94}.Debug|x64.Build.0 = Debug|x64
		{809FFE95-FAD4-43BC-AF42-BA86B294EA94}.Debug|x86.ActiveCfg = Debug|x86
		{809FFE95-FAD4-43BC-AF42-BA86B294EA94}.Debug|x86.Build.0 = Debug|x86
		{809FFE95-FAD4-43BC-AF42-BA86B294EA94}.Release|x64.ActiveCfg = Release|x64
		{809FFE95-FAD4-43BC-AF42-BA86B294EA94}.Release|x64.Build.0 = Release|x64
		{809FFE95-FAD4-43BC-AF42-BA86B294EA94}.Release|x86.ActiveCfg = Release|x86
		{809FFE95-FAD4-43BC-AF42-BA86B294EA94}.Release|x86.Build.0 = Release|x86
		{F9F7CBAC-CEB6-4BA8-B2F9-F2AFE481831A}.Debug|x64.ActiveCfg = Debug|x64
		{F9F7CBAC-CEB6-4BA8-B2F9-F2AFE481831A}.Debug|x64.Build.0 = Debug|x64
		{F9F7CBAC-CEB6-4BA8-B2F9-F2AFE481831A}.Debug|x86.ActiveCfg = Debug|x86
		{F9F7CBAC-CEB6-4BA8-B2F9-F2AFE481831A}.Debug|x86.Build.0 = Debug|x86
		{F9F7CBAC-CEB6-4BA8-B2F9-F2AFE481831A}.Release|x64.ActiveCfg = Release|x64
		{F9F7CBAC-CEB6-4BA8-B2F9-F2AFE481831A}.Release|x64.Build.0 = Release|x64
		{F9F7CBAC-CEB6-4BA8-B2F9-F2AFE481831A}.Release|x86.ActiveCfg = Release|x86
		{F9F7CBAC-CEB6-4BA8-B2F9-F2AFE481831A}.Release|x86.Build.0 = Release|x86
		{8C508489-24AE-438E-81DC-4669298F1EA2}.Debug|x64.ActiveCfg = Debug|x64
		{8C508489-24AE-438E-81DC-4669298F1EA2}.Debug|x64.Build.0 = Debug|x64
		{8C508489-24AE-438E-81DC-4669298F1EA2}.Debug|x86.ActiveCfg = Debug|x86
		{8C508489-24AE-438E-81DC-4669298F1EA2}.Debug|x86.Build.0 = Debug|x86
		{8C508489-24AE-438E-81DC-4669298F1EA2}.Release|x64.ActiveCfg = Release|x64
		{8C508489-24AE-438E-81DC-4669298F1EA2}.Release|x64.Build.0 = Release|x64
		{8C508489-24AE-438E-81DC-4669298F1EA2}.Release|x86.ActiveCfg = Release|x86
		{8C508489-24AE-438E-81DC-4669298F1EA2}.Release|x86.Build.0 = Release|x86
		{6B018890-FA9C-42DC-AFEF-AABE511854EC}.Debug|x64.ActiveCfg = Debug|x64
		{6B018890-FA9C-42DC-AFEF-AABE511854EC}.Debug|x64.Build.0 = Debug|x64
		{6B018890-FA9C-42DC-AFEF-AABE511854EC}.Debug|x86.ActiveCfg = Debug|x86
		{6B018890-FA9C-42DC-AFEF-AABE511854EC}.Debug|x86.Build.0 = Debug|x86
		{6B018890-FA9C-42DC-AFEF-AABE511854EC}.Release|x64.ActiveCfg = Release|x64
		{6B018890-FA9C-42DC-AFEF-AABE511854EC}.Release|x64.Build.0 = Release|x64
		{6B018890-FA9C-42DC-AFEF-AABE511854EC}.Release|x86.ActiveCfg = Release|x86
		{6B018890-FA9C-42DC-AFEF-AABE511854EC}.Release|x86.Build.0 = Release|x86
		{DE6CBF2D-C6F4-43EB-A5DB-3793C2EE0C56}.Debug|x64.ActiveCfg = Debug|x64
		{DE6CBF2D-C6F4-43EB-A5DB-3793C2EE0C56}.Debug|x64.Build.0 = Debug|x64
		{DE6CBF2D-C6F4-43EB-A5DB-3793C2EE0C56}.Debug|x86.ActiveCfg = Debug|x86
		{DE6CBF2D-C6F4-43EB-A5DB-3793C2EE0C56}.Debug|x86.Build.0 = Debug|x86
		{DE6CBF2D-C6F4-43EB-A5DB-3793C2EE0C56}.Release|x64.ActiveCfg = Release|x64
		{DE6CBF2D-C6F4-43EB-A5DB-3793C2EE0C56}.Release|x64.Build.0 = Release|x64
		{DE6CBF2D-C6F4-43EB-A5DB-3793C2EE0C56}.Release|x86.ActiveCfg = Release|x86
		{DE6CBF2D-C6F4-43EB-A5DB-3793C2EE0C56}.Release|x86.Build.0 = Release|x86
		{416A3590-820C-4EEA-9008-71AED289D31E}.Debug|x64.ActiveCfg = Debug|x64
		{416A3590-820C-4EEA-9008-71AED289D31E}.Debug|x64.Build.0 = Debug|x64
		{416A3590-820C-4EEA-9008-71AED289D31E}.Debug|x86.ActiveCfg = Debug|x86
		{416A3590-820C-4EEA-9008-71AED289D31E}.Debug|x86.Build.0 = Debug|x86
		{416A3590-820C-4EEA-9008-71AED289D31E}.Release|x64.ActiveCfg = Release|x64
		{416A3590-820C-4EEA-9008-71AED289D31E}.Release|x64.Build.0 = Release|x64
		{416A3590-820C-4EEA-9008-71AED289D31E}.Release|x86.ActiveCfg = Release|x86
		{416A3590-820C-4EEA-9008-71AED289D31E}.Release|x86.Build.0 = Release|x86
		{DCD09207-E57D-4854-9102-ACE41FA53DF4}.Debug|x64.ActiveCfg = Debug|x64
		{DCD09207-E57D-4854-9102-ACE41FA53DF4}.Debug|x64.Build.0 = Debug|x64
		{DCD09207-E57D-4854-9102-ACE41FA53DF4}.Debug|x86.ActiveCfg = Debug|x86
		{DCD09207-E57D-4854-9102-ACE41FA53DF4}.Debug|x86.Build.0 = Debug|x86
		{DCD09207-E57D-4854-9102-ACE41FA53DF4}.Release|x64.ActiveCfg = Release|x64
		{DCD09207-E57D-4854-9102-ACE41FA53DF4}.Release|x64.Build.0 = Release|x64
		{DCD09207-E57D-4854-9102-ACE41FA53DF4}.Release|x86.ActiveCfg = Release|x86
		{DCD09207-E57D-4854-9102-ACE41FA53DF4}.Release|x86.Build.0 = Release|x86
		{F6795850-9308-4345-84B1-1B2A131104A4}.Debug|x64.ActiveCfg = Debug|x64
		{F6795850-9308-4345-84B1-1B2A131104A4}.Debug|x64.Build.0 = Debug|x64
		{F6795850-9308-4345-84B1-1B2A131104A4}.Debug|x86.ActiveCfg = Debug|x86
		{F6795850-9308-4345-84B1-1B2A131104A4}.Debug|x86.Build.0 = Debug|x86
		{F6795850-9308-4345-84B1-1B2A131104A4}.Release|x64.ActiveCfg = Release|x64
		{F6795850-9308-4345-84B1-1B2A131104A4}.Release|x64.Build.0 = Release|x64
		{F6795850-9308-4345-84B1-1B2A131104A4}.Release|x86.ActiveCfg = Release|x86
		{F6795850-9308-4345-84B1-1B2A131104A4}.Release|x86.Build.0 = Release|x86
		{1241AC19-9872-4126-8915-3A34919E1705}.Debug|x64.ActiveCfg = Debug|x64
		{1241AC19-9872-4126-8915-3A34919E1705}.Debug|x64.Build.0 = Debug|x64
		{1241AC19-9872-4126-8915-3A34919E1705}.Debug|x86.ActiveCfg = Debug|x86
		{1241AC19-9872-4126-8915-3A34919E1705}.Debug|x86.Build.0 = Debug|x86
		{1241AC19-9872-4126-8915-3A34919E1705}.Release|x64.ActiveCfg = Release|x64
		{1241AC19-9872-4126-8915-3A34919E1705}.Release|x64.Build.0 = Release|x64
		{1241AC19-9872-4126-8915-3A34919E1705}.Release|x86.ActiveCfg = Release|x86
		{1241AC19-9872-4126-8915-3A34919E1705}.Release|x86.Build.0 = Release|x86
		{569111CC-D436-46E5-BE9E-32B1BAD1B950}.Debug|x64.ActiveCfg = Debug|x64
		{569111CC-D436-46E5-BE9E-32B1BAD1B950}.Debug|x64.Build.0 = Debug|x64
		{569111CC-D436-46E5-BE9E-32B1BAD1B950}.Debug|x86.ActiveCfg = Debug|x86
		{569111CC-D436-46E5-BE9E-32B1BAD1B950}.Debug|x86.Build.0 = Debug|x86
		{569111CC-D436-46E5-BE9E-32B1BAD1B950}.Release|x64.ActiveCfg = Release|x64
		{569111CC-D436-46E5-BE9E-32B1BAD1B950}.Release|x64.Build.0 = Release|x64
		{569111CC-D436-46E5-BE9E-32B1BAD1B950}.Release|x86.ActiveCfg = Release|x86
		{569111CC-D436-46E5-BE9E-32B1BAD1B950}.Release|x86.Build.0 = Release|x86
	EndGlobalSection
	GlobalSection(SolutionProperties) = preSolution
		HideSolutionNode = FALSE
	EndGlobalSection
	GlobalSection(NestedProjects) = preSolution
		{DCD09207-E57D-4854-9102-ACE41FA53DF4} = {FD4CDE6F-5D7D-4CA1-8394-93CE6FE170AF}
	EndGlobalSection
	GlobalSection(ExtensibilityGlobals) = postSolution
		EnterpriseLibraryConfigurationToolBinariesPath = packages\Unity.2.1.505.2\lib\NET35
	EndGlobalSection
EndGlobal
